
Microsoft Visual Studio Solution File, Format Version 12.00
# Visual Studio Version 16
VisualStudioVersion = 16.0.31112.23
MinimumVisualStudioVersion = 10.0.40219.1
Project("{FAE04EC0-301F-11D3-BF4B-00C04F79EFBC}") = "Mes exercices en classe", "Mes exercices en classe\Mes exercices en classe.csproj", "{1AF89257-50A8-4FC3-BE0E-BDFCC9FF96E5}"
EndProject
Global
	GlobalSection(SolutionConfigurationPlatforms) = preSolution
		Debug|Any CPU = Debug|Any CPU
		Release|Any CPU = Release|Any CPU
	EndGlobalSection
	GlobalSection(ProjectConfigurationPlatforms) = postSolution
		{1AF89257-50A8-4FC3-BE0E-BDFCC9FF96E5}.Debug|Any CPU.ActiveCfg = Debug|Any CPU
		{1AF89257-50A8-4FC3-BE0E-BDFCC9FF96E5}.Debug|Any CPU.Build.0 = Debug|Any CPU
		{1AF89257-50A8-4FC3-BE0E-BDFCC9FF96E5}.Release|Any CPU.ActiveCfg = Release|Any CPU
		{1AF89257-50A8-4FC3-BE0E-BDFCC9FF96E5}.Release|Any CPU.Build.0 = Release|Any CPU
	EndGlobalSection
	GlobalSection(SolutionProperties) = preSolution
		HideSolutionNode = FALSE
	EndGlobalSection
	GlobalSection(ExtensibilityGlobals) = postSolution
		SolutionGuid = {2A1A9F50-5A94-4F71-B881-B52DF3A226FD}
	EndGlobalSection
EndGlobal
